
Microsoft Visual Studio Solution File, Format Version 12.00
# Visual Studio Version 17
VisualStudioVersion = 17.0.32014.148
MinimumVisualStudioVersion = 10.0.40219.1
Project("{FAE04EC0-301F-11D3-BF4B-00C04F79EFBC}") = "WagesApp", "WagesApp\WagesApp.csproj", "{6F82B062-314C-473C-9885-AFF1977E8AF1}"
EndProject
Global
	GlobalSection(SolutionConfigurationPlatforms) = preSolution
		Debug|Any CPU = Debug|Any CPU
		Release|Any CPU = Release|Any CPU
	EndGlobalSection
	GlobalSection(ProjectConfigurationPlatforms) = postSolution
		{6F82B062-314C-473C-9885-AFF1977E8AF1}.Debug|Any CPU.ActiveCfg = Debug|Any CPU
		{6F82B062-314C-473C-9885-AFF1977E8AF1}.Debug|Any CPU.Build.0 = Debug|Any CPU
		{6F82B062-314C-473C-9885-AFF1977E8AF1}.Release|Any CPU.ActiveCfg = Release|Any CPU
		{6F82B062-314C-473C-9885-AFF1977E8AF1}.Release|Any CPU.Build.0 = Release|Any CPU
	EndGlobalSection
	GlobalSection(SolutionProperties) = preSolution
		HideSolutionNode = FALSE
	EndGlobalSection
	GlobalSection(ExtensibilityGlobals) = postSolution
		SolutionGuid = {ABA9C468-6485-43FF-8407-33004A015DE6}
	EndGlobalSection
EndGlobal
