
Microsoft Visual Studio Solution File, Format Version 12.00
# Visual Studio Version 17
VisualStudioVersion = 17.0.32014.148
MinimumVisualStudioVersion = 10.0.40219.1
Project("{FAE04EC0-301F-11D3-BF4B-00C04F79EFBC}") = "CPSC1012_Lab01_MuhammadKhawaja", "CPSC1012_Lab01_MuhammadKhawaja\CPSC1012_Lab01_MuhammadKhawaja.csproj", "{7694E840-D0BD-4430-873A-BF4B583FCD82}"
EndProject
Global
	GlobalSection(SolutionConfigurationPlatforms) = preSolution
		Debug|Any CPU = Debug|Any CPU
		Release|Any CPU = Release|Any CPU
	EndGlobalSection
	GlobalSection(ProjectConfigurationPlatforms) = postSolution
		{7694E840-D0BD-4430-873A-BF4B583FCD82}.Debug|Any CPU.ActiveCfg = Debug|Any CPU
		{7694E840-D0BD-4430-873A-BF4B583FCD82}.Debug|Any CPU.Build.0 = Debug|Any CPU
		{7694E840-D0BD-4430-873A-BF4B583FCD82}.Release|Any CPU.ActiveCfg = Release|Any CPU
		{7694E840-D0BD-4430-873A-BF4B583FCD82}.Release|Any CPU.Build.0 = Release|Any CPU
	EndGlobalSection
	GlobalSection(SolutionProperties) = preSolution
		HideSolutionNode = FALSE
	EndGlobalSection
	GlobalSection(ExtensibilityGlobals) = postSolution
		SolutionGuid = {41959937-0F5E-4649-A200-92A137E7B558}
	EndGlobalSection
EndGlobal
