
Microsoft Visual Studio Solution File, Format Version 12.00
# Visual Studio Version 17
VisualStudioVersion = 17.0.32014.148
MinimumVisualStudioVersion = 10.0.40219.1
Project("{FAE04EC0-301F-11D3-BF4B-00C04F79EFBC}") = "CPSC1012-Lab2-MuhammadKhawaja", "CPSC1012-Lab2-MuhammadKhawaja\CPSC1012-Lab2-MuhammadKhawaja.csproj", "{2EEE075F-EF69-4708-A9BD-80142119C545}"
EndProject
Global
	GlobalSection(SolutionConfigurationPlatforms) = preSolution
		Debug|Any CPU = Debug|Any CPU
		Release|Any CPU = Release|Any CPU
	EndGlobalSection
	GlobalSection(ProjectConfigurationPlatforms) = postSolution
		{2EEE075F-EF69-4708-A9BD-80142119C545}.Debug|Any CPU.ActiveCfg = Debug|Any CPU
		{2EEE075F-EF69-4708-A9BD-80142119C545}.Debug|Any CPU.Build.0 = Debug|Any CPU
		{2EEE075F-EF69-4708-A9BD-80142119C545}.Release|Any CPU.ActiveCfg = Release|Any CPU
		{2EEE075F-EF69-4708-A9BD-80142119C545}.Release|Any CPU.Build.0 = Release|Any CPU
	EndGlobalSection
	GlobalSection(SolutionProperties) = preSolution
		HideSolutionNode = FALSE
	EndGlobalSection
	GlobalSection(ExtensibilityGlobals) = postSolution
		SolutionGuid = {A84F8F82-8BA1-4BBC-8520-01BC7E6BC692}
	EndGlobalSection
EndGlobal
